// !$*UTF8*$!
{
	archiveVersion = 1;
	classes = {
	};
	objectVersion = 56;
	objects = {

/* Begin PBXBuildFile section */
		C4A295732BED07BD00509556 /* AppDelegate.swift in Sources */ = {isa = PBXBuildFile; fileRef = C4A295722BED07BD00509556 /* AppDelegate.swift */; };
		C4A295752BED07BD00509556 /* SceneDelegate.swift in Sources */ = {isa = PBXBuildFile; fileRef = C4A295742BED07BD00509556 /* SceneDelegate.swift */; };
		C4A2957A2BED07BD00509556 /* Base in Resources */ = {isa = PBXBuildFile; fileRef = C4A295792BED07BD00509556 /* Base */; };
		C4A2957C2BED07BF00509556 /* Assets.xcassets in Resources */ = {isa = PBXBuildFile; fileRef = C4A2957B2BED07BF00509556 /* Assets.xcassets */; };
		C4A2957F2BED07BF00509556 /* Base in Resources */ = {isa = PBXBuildFile; fileRef = C4A2957E2BED07BF00509556 /* Base */; };
		C4A295872BED081D00509556 /* CoinListController.swift in Sources */ = {isa = PBXBuildFile; fileRef = C4A295862BED081D00509556 /* CoinListController.swift */; };
		C4A295892BED4CF400509556 /* Coins.swift in Sources */ = {isa = PBXBuildFile; fileRef = C4A295882BED4CF400509556 /* Coins.swift */; };
		C4A2958C2BED89DE00509556 /* CoinLogicProtocol.swift in Sources */ = {isa = PBXBuildFile; fileRef = C4A2958B2BED89DE00509556 /* CoinLogicProtocol.swift */; };
		C4A2958F2BED8B2B00509556 /* CoinLogic.swift in Sources */ = {isa = PBXBuildFile; fileRef = C4A2958E2BED8B2B00509556 /* CoinLogic.swift */; };
		C4A295972BED8E6900509556 /* Alamofire in Frameworks */ = {isa = PBXBuildFile; productRef = C4A295962BED8E6900509556 /* Alamofire */; };
		C4A295992BED8E6900509556 /* AlamofireDynamic in Frameworks */ = {isa = PBXBuildFile; productRef = C4A295982BED8E6900509556 /* AlamofireDynamic */; };
		C4A2959B2BED8EA600509556 /* Webservice.swift in Sources */ = {isa = PBXBuildFile; fileRef = C4A2959A2BED8EA600509556 /* Webservice.swift */; };
		C4A2959D2BED986A00509556 /* Router.swift in Sources */ = {isa = PBXBuildFile; fileRef = C4A2959C2BED986A00509556 /* Router.swift */; };
/* End PBXBuildFile section */

/* Begin PBXFileReference section */
		C4A2956F2BED07BD00509556 /* CheckCoin.app */ = {isa = PBXFileReference; explicitFileType = wrapper.application; includeInIndex = 0; path = CheckCoin.app; sourceTree = BUILT_PRODUCTS_DIR; };
		C4A295722BED07BD00509556 /* AppDelegate.swift */ = {isa = PBXFileReference; lastKnownFileType = sourcecode.swift; path = AppDelegate.swift; sourceTree = "<group>"; };
		C4A295742BED07BD00509556 /* SceneDelegate.swift */ = {isa = PBXFileReference; lastKnownFileType = sourcecode.swift; path = SceneDelegate.swift; sourceTree = "<group>"; };
		C4A295792BED07BD00509556 /* Base */ = {isa = PBXFileReference; lastKnownFileType = file.storyboard; name = Base; path = Base.lproj/Main.storyboard; sourceTree = "<group>"; };
		C4A2957B2BED07BF00509556 /* Assets.xcassets */ = {isa = PBXFileReference; lastKnownFileType = folder.assetcatalog; path = Assets.xcassets; sourceTree = "<group>"; };
		C4A2957E2BED07BF00509556 /* Base */ = {isa = PBXFileReference; lastKnownFileType = file.storyboard; name = Base; path = Base.lproj/LaunchScreen.storyboard; sourceTree = "<group>"; };
		C4A295802BED07BF00509556 /* Info.plist */ = {isa = PBXFileReference; lastKnownFileType = text.plist.xml; path = Info.plist; sourceTree = "<group>"; };
		C4A295862BED081D00509556 /* CoinListController.swift */ = {isa = PBXFileReference; lastKnownFileType = sourcecode.swift; path = CoinListController.swift; sourceTree = "<group>"; };
		C4A295882BED4CF400509556 /* Coins.swift */ = {isa = PBXFileReference; lastKnownFileType = sourcecode.swift; path = Coins.swift; sourceTree = "<group>"; };
		C4A2958B2BED89DE00509556 /* CoinLogicProtocol.swift */ = {isa = PBXFileReference; lastKnownFileType = sourcecode.swift; path = CoinLogicProtocol.swift; sourceTree = "<group>"; };
		C4A2958E2BED8B2B00509556 /* CoinLogic.swift */ = {isa = PBXFileReference; lastKnownFileType = sourcecode.swift; path = CoinLogic.swift; sourceTree = "<group>"; };
		C4A2959A2BED8EA600509556 /* Webservice.swift */ = {isa = PBXFileReference; lastKnownFileType = sourcecode.swift; path = Webservice.swift; sourceTree = "<group>"; };
		C4A2959C2BED986A00509556 /* Router.swift */ = {isa = PBXFileReference; lastKnownFileType = sourcecode.swift; path = Router.swift; sourceTree = "<group>"; };
/* End PBXFileReference section */

/* Begin PBXFrameworksBuildPhase section */
		C4A2956C2BED07BD00509556 /* Frameworks */ = {
			isa = PBXFrameworksBuildPhase;
			buildActionMask = 2147483647;
			files = (
				C4A295972BED8E6900509556 /* Alamofire in Frameworks */,
				C4A295992BED8E6900509556 /* AlamofireDynamic in Frameworks */,
			);
			runOnlyForDeploymentPostprocessing = 0;
		};
/* End PBXFrameworksBuildPhase section */

/* Begin PBXGroup section */
		C4A295662BED07BD00509556 = {
			isa = PBXGroup;
			children = (
				C4A2958D2BED8AF500509556 /* Network */,
				C4A2958A2BED4CFC00509556 /* Model */,
				C4A295712BED07BD00509556 /* CheckCoin */,
				C4A295702BED07BD00509556 /* Products */,
			);
			sourceTree = "<group>";
		};
		C4A295702BED07BD00509556 /* Products */ = {
			isa = PBXGroup;
			children = (
				C4A2956F2BED07BD00509556 /* CheckCoin.app */,
			);
			name = Products;
			sourceTree = "<group>";
		};
		C4A295712BED07BD00509556 /* CheckCoin */ = {
			isa = PBXGroup;
			children = (
				C4A295862BED081D00509556 /* CoinListController.swift */,
				C4A295722BED07BD00509556 /* AppDelegate.swift */,
				C4A295742BED07BD00509556 /* SceneDelegate.swift */,
				C4A295782BED07BD00509556 /* Main.storyboard */,
				C4A2957B2BED07BF00509556 /* Assets.xcassets */,
				C4A2957D2BED07BF00509556 /* LaunchScreen.storyboard */,
				C4A295802BED07BF00509556 /* Info.plist */,
			);
			path = CheckCoin;
			sourceTree = "<group>";
		};
		C4A2958A2BED4CFC00509556 /* Model */ = {
			isa = PBXGroup;
			children = (
				C4A295882BED4CF400509556 /* Coins.swift */,
			);
			path = Model;
			sourceTree = "<group>";
		};
		C4A2958D2BED8AF500509556 /* Network */ = {
			isa = PBXGroup;
			children = (
				C4A2958B2BED89DE00509556 /* CoinLogicProtocol.swift */,
				C4A2958E2BED8B2B00509556 /* CoinLogic.swift */,
				C4A2959A2BED8EA600509556 /* Webservice.swift */,
				C4A2959C2BED986A00509556 /* Router.swift */,
			);
			path = Network;
			sourceTree = "<group>";
		};
/* End PBXGroup section */

/* Begin PBXNativeTarget section */
		C4A2956E2BED07BD00509556 /* CheckCoin */ = {
			isa = PBXNativeTarget;
			buildConfigurationList = C4A295832BED07BF00509556 /* Build configuration list for PBXNativeTarget "CheckCoin" */;
			buildPhases = (
				C4A2956B2BED07BD00509556 /* Sources */,
				C4A2956C2BED07BD00509556 /* Frameworks */,
				C4A2956D2BED07BD00509556 /* Resources */,
			);
			buildRules = (
			);
			dependencies = (
			);
			name = CheckCoin;
			packageProductDependencies = (
				C4A295962BED8E6900509556 /* Alamofire */,
				C4A295982BED8E6900509556 /* AlamofireDynamic */,
			);
			productName = CheckCoin;
			productReference = C4A2956F2BED07BD00509556 /* CheckCoin.app */;
			productType = "com.apple.product-type.application";
		};
/* End PBXNativeTarget section */

/* Begin PBXProject section */
		C4A295672BED07BD00509556 /* Project object */ = {
			isa = PBXProject;
			attributes = {
				BuildIndependentTargetsInParallel = 1;
				LastSwiftUpdateCheck = 1530;
				LastUpgradeCheck = 1530;
				TargetAttributes = {
					C4A2956E2BED07BD00509556 = {
						CreatedOnToolsVersion = 15.3;
					};
				};
			};
			buildConfigurationList = C4A2956A2BED07BD00509556 /* Build configuration list for PBXProject "CheckCoin" */;
			compatibilityVersion = "Xcode 14.0";
			developmentRegion = en;
			hasScannedForEncodings = 0;
			knownRegions = (
				en,
				Base,
			);
			mainGroup = C4A295662BED07BD00509556;
			packageReferences = (
				C4A295952BED8E6900509556 /* XCRemoteSwiftPackageReference "Alamofire" */,
			);
			productRefGroup = C4A295702BED07BD00509556 /* Products */;
			projectDirPath = "";
			projectRoot = "";
			targets = (
				C4A2956E2BED07BD00509556 /* CheckCoin */,
			);
		};
/* End PBXProject section */

/* Begin PBXResourcesBuildPhase section */
		C4A2956D2BED07BD00509556 /* Resources */ = {
			isa = PBXResourcesBuildPhase;
			buildActionMask = 2147483647;
			files = (
				C4A2957C2BED07BF00509556 /* Assets.xcassets in Resources */,
				C4A2957F2BED07BF00509556 /* Base in Resources */,
				C4A2957A2BED07BD00509556 /* Base in Resources */,
			);
			runOnlyForDeploymentPostprocessing = 0;
		};
/* End PBXResourcesBuildPhase section */

/* Begin PBXSourcesBuildPhase section */
		C4A2956B2BED07BD00509556 /* Sources */ = {
			isa = PBXSourcesBuildPhase;
			buildActionMask = 2147483647;
			files = (
				C4A2959D2BED986A00509556 /* Router.swift in Sources */,
				C4A295732BED07BD00509556 /* AppDelegate.swift in Sources */,
				C4A2959B2BED8EA600509556 /* Webservice.swift in Sources */,
				C4A2958C2BED89DE00509556 /* CoinLogicProtocol.swift in Sources */,
				C4A295752BED07BD00509556 /* SceneDelegate.swift in Sources */,
				C4A295892BED4CF400509556 /* Coins.swift in Sources */,
				C4A295872BED081D00509556 /* CoinListController.swift in Sources */,
				C4A2958F2BED8B2B00509556 /* CoinLogic.swift in Sources */,
			);
			runOnlyForDeploymentPostprocessing = 0;
		};
/* End PBXSourcesBuildPhase section */

/* Begin PBXVariantGroup section */
		C4A295782BED07BD00509556 /* Main.storyboard */ = {
			isa = PBXVariantGroup;
			children = (
				C4A295792BED07BD00509556 /* Base */,
			);
			name = Main.storyboard;
			sourceTree = "<group>";
		};
		C4A2957D2BED07BF00509556 /* LaunchScreen.storyboard */ = {
			isa = PBXVariantGroup;
			children = (
				C4A2957E2BED07BF00509556 /* Base */,
			);
			name = LaunchScreen.storyboard;
			sourceTree = "<group>";
		};
/* End PBXVariantGroup section */

/* Begin XCBuildConfiguration section */
		C4A295812BED07BF00509556 /* Debug */ = {
			isa = XCBuildConfiguration;
			buildSettings = {
				ALWAYS_SEARCH_USER_PATHS = NO;
				ASSETCATALOG_COMPILER_GENERATE_SWIFT_ASSET_SYMBOL_EXTENSIONS = YES;
				CLANG_ANALYZER_NONNULL = YES;
				CLANG_ANALYZER_NUMBER_OBJECT_CONVERSION = YES_AGGRESSIVE;
				CLANG_CXX_LANGUAGE_STANDARD = "gnu++20";
				CLANG_ENABLE_MODULES = YES;
				CLANG_ENABLE_OBJC_ARC = YES;
				CLANG_ENABLE_OBJC_WEAK = YES;
				CLANG_WARN_BLOCK_CAPTURE_AUTORELEASING = YES;
				CLANG_WARN_BOOL_CONVERSION = YES;
				CLANG_WARN_COMMA = YES;
				CLANG_WARN_CONSTANT_CONVERSION = YES;
				CLANG_WARN_DEPRECATED_OBJC_IMPLEMENTATIONS = YES;
				CLANG_WARN_DIRECT_OBJC_ISA_USAGE = YES_ERROR;
				CLANG_WARN_DOCUMENTATION_COMMENTS = YES;
				CLANG_WARN_EMPTY_BODY = YES;
				CLANG_WARN_ENUM_CONVERSION = YES;
				CLANG_WARN_INFINITE_RECURSION = YES;
				CLANG_WARN_INT_CONVERSION = YES;
				CLANG_WARN_NON_LITERAL_NULL_CONVERSION = YES;
				CLANG_WARN_OBJC_IMPLICIT_RETAIN_SELF = YES;
				CLANG_WARN_OBJC_LITERAL_CONVERSION = YES;
				CLANG_WARN_OBJC_ROOT_CLASS = YES_ERROR;
				CLANG_WARN_QUOTED_INCLUDE_IN_FRAMEWORK_HEADER = YES;
				CLANG_WARN_RANGE_LOOP_ANALYSIS = YES;
				CLANG_WARN_STRICT_PROTOTYPES = YES;
				CLANG_WARN_SUSPICIOUS_MOVE = YES;
				CLANG_WARN_UNGUARDED_AVAILABILITY = YES_AGGRESSIVE;
				CLANG_WARN_UNREACHABLE_CODE = YES;
				CLANG_WARN__DUPLICATE_METHOD_MATCH = YES;
				COPY_PHASE_STRIP = NO;
				DEBUG_INFORMATION_FORMAT = dwarf;
				ENABLE_STRICT_OBJC_MSGSEND = YES;
				ENABLE_TESTABILITY = YES;
				ENABLE_USER_SCRIPT_SANDBOXING = YES;
				GCC_C_LANGUAGE_STANDARD = gnu17;
				GCC_DYNAMIC_NO_PIC = NO;
				GCC_NO_COMMON_BLOCKS = YES;
				GCC_OPTIMIZATION_LEVEL = 0;
				GCC_PREPROCESSOR_DEFINITIONS = (
					"DEBUG=1",
					"$(inherited)",
				);
				GCC_WARN_64_TO_32_BIT_CONVERSION = YES;
				GCC_WARN_ABOUT_RETURN_TYPE = YES_ERROR;
				GCC_WARN_UNDECLARED_SELECTOR = YES;
				GCC_WARN_UNINITIALIZED_AUTOS = YES_AGGRESSIVE;
				GCC_WARN_UNUSED_FUNCTION = YES;
				GCC_WARN_UNUSED_VARIABLE = YES;
				IPHONEOS_DEPLOYMENT_TARGET = 17.4;
				LOCALIZATION_PREFERS_STRING_CATALOGS = YES;
				MTL_ENABLE_DEBUG_INFO = INCLUDE_SOURCE;
				MTL_FAST_MATH = YES;
				ONLY_ACTIVE_ARCH = YES;
				SDKROOT = iphoneos;
				SWIFT_ACTIVE_COMPILATION_CONDITIONS = "DEBUG $(inherited)";
				SWIFT_OPTIMIZATION_LEVEL = "-Onone";
			};
			name = Debug;
		};
		C4A295822BED07BF00509556 /* Release */ = {
			isa = XCBuildConfiguration;
			buildSettings = {
				ALWAYS_SEARCH_USER_PATHS = NO;
				ASSETCATALOG_COMPILER_GENERATE_SWIFT_ASSET_SYMBOL_EXTENSIONS = YES;
				CLANG_ANALYZER_NONNULL = YES;
				CLANG_ANALYZER_NUMBER_OBJECT_CONVERSION = YES_AGGRESSIVE;
				CLANG_CXX_LANGUAGE_STANDARD = "gnu++20";
				CLANG_ENABLE_MODULES = YES;
				CLANG_ENABLE_OBJC_ARC = YES;
				CLANG_ENABLE_OBJC_WEAK = YES;
				CLANG_WARN_BLOCK_CAPTURE_AUTORELEASING = YES;
				CLANG_WARN_BOOL_CONVERSION = YES;
				CLANG_WARN_COMMA = YES;
				CLANG_WARN_CONSTANT_CONVERSION = YES;
				CLANG_WARN_DEPRECATED_OBJC_IMPLEMENTATIONS = YES;
				CLANG_WARN_DIRECT_OBJC_ISA_USAGE = YES_ERROR;
				CLANG_WARN_DOCUMENTATION_COMMENTS = YES;
				CLANG_WARN_EMPTY_BODY = YES;
				CLANG_WARN_ENUM_CONVERSION = YES;
				CLANG_WARN_INFINITE_RECURSION = YES;
				CLANG_WARN_INT_CONVERSION = YES;
				CLANG_WARN_NON_LITERAL_NULL_CONVERSION = YES;
				CLANG_WARN_OBJC_IMPLICIT_RETAIN_SELF = YES;
				CLANG_WARN_OBJC_LITERAL_CONVERSION = YES;
				CLANG_WARN_OBJC_ROOT_CLASS = YES_ERROR;
				CLANG_WARN_QUOTED_INCLUDE_IN_FRAMEWORK_HEADER = YES;
				CLANG_WARN_RANGE_LOOP_ANALYSIS = YES;
				CLANG_WARN_STRICT_PROTOTYPES = YES;
				CLANG_WARN_SUSPICIOUS_MOVE = YES;
				CLANG_WARN_UNGUARDED_AVAILABILITY = YES_AGGRESSIVE;
				CLANG_WARN_UNREACHABLE_CODE = YES;
				CLANG_WARN__DUPLICATE_METHOD_MATCH = YES;
				COPY_PHASE_STRIP = NO;
				DEBUG_INFORMATION_FORMAT = "dwarf-with-dsym";
				ENABLE_NS_ASSERTIONS = NO;
				ENABLE_STRICT_OBJC_MSGSEND = YES;
				ENABLE_USER_SCRIPT_SANDBOXING = YES;
				GCC_C_LANGUAGE_STANDARD = gnu17;
				GCC_NO_COMMON_BLOCKS = YES;
				GCC_WARN_64_TO_32_BIT_CONVERSION = YES;
				GCC_WARN_ABOUT_RETURN_TYPE = YES_ERROR;
				GCC_WARN_UNDECLARED_SELECTOR = YES;
				GCC_WARN_UNINITIALIZED_AUTOS = YES_AGGRESSIVE;
				GCC_WARN_UNUSED_FUNCTION = YES;
				GCC_WARN_UNUSED_VARIABLE = YES;
				IPHONEOS_DEPLOYMENT_TARGET = 17.4;
				LOCALIZATION_PREFERS_STRING_CATALOGS = YES;
				MTL_ENABLE_DEBUG_INFO = NO;
				MTL_FAST_MATH = YES;
				SDKROOT = iphoneos;
				SWIFT_COMPILATION_MODE = wholemodule;
				VALIDATE_PRODUCT = YES;
			};
			name = Release;
		};
		C4A295842BED07BF00509556 /* Debug */ = {
			isa = XCBuildConfiguration;
			buildSettings = {
				ASSETCATALOG_COMPILER_APPICON_NAME = AppIcon;
				ASSETCATALOG_COMPILER_GLOBAL_ACCENT_COLOR_NAME = AccentColor;
				CODE_SIGN_STYLE = Automatic;
				CURRENT_PROJECT_VERSION = 1;
				DEVELOPMENT_TEAM = 863AAK6883;
				GENERATE_INFOPLIST_FILE = YES;
				INFOPLIST_FILE = CheckCoin/Info.plist;
				INFOPLIST_KEY_UIApplicationSupportsIndirectInputEvents = YES;
				INFOPLIST_KEY_UILaunchStoryboardName = LaunchScreen;
				INFOPLIST_KEY_UIMainStoryboardFile = Main;
				INFOPLIST_KEY_UISupportedInterfaceOrientations_iPad = "UIInterfaceOrientationPortrait UIInterfaceOrientationPortraitUpsideDown UIInterfaceOrientationLandscapeLeft UIInterfaceOrientationLandscapeRight";
				INFOPLIST_KEY_UISupportedInterfaceOrientations_iPhone = "UIInterfaceOrientationPortrait UIInterfaceOrientationLandscapeLeft UIInterfaceOrientationLandscapeRight";
				LD_RUNPATH_SEARCH_PATHS = (
					"$(inherited)",
					"@executable_path/Frameworks",
				);
				MARKETING_VERSION = 1.0;
				PRODUCT_BUNDLE_IDENTIFIER = com.girayaksu.CheckCoin;
				PRODUCT_NAME = "$(TARGET_NAME)";
				SWIFT_EMIT_LOC_STRINGS = YES;
				SWIFT_VERSION = 5.0;
				TARGETED_DEVICE_FAMILY = "1,2";
			};
			name = Debug;
		};
		C4A295852BED07BF00509556 /* Release */ = {
			isa = XCBuildConfiguration;
			buildSettings = {
				ASSETCATALOG_COMPILER_APPICON_NAME = AppIcon;
				ASSETCATALOG_COMPILER_GLOBAL_ACCENT_COLOR_NAME = AccentColor;
				CODE_SIGN_STYLE = Automatic;
				CURRENT_PROJECT_VERSION = 1;
				DEVELOPMENT_TEAM = 863AAK6883;
				GENERATE_INFOPLIST_FILE = YES;
				INFOPLIST_FILE = CheckCoin/Info.plist;
				INFOPLIST_KEY_UIApplicationSupportsIndirectInputEvents = YES;
				INFOPLIST_KEY_UILaunchStoryboardName = LaunchScreen;
				INFOPLIST_KEY_UIMainStoryboardFile = Main;
				INFOPLIST_KEY_UISupportedInterfaceOrientations_iPad = "UIInterfaceOrientationPortrait UIInterfaceOrientationPortraitUpsideDown UIInterfaceOrientationLandscapeLeft UIInterfaceOrientationLandscapeRight";
				INFOPLIST_KEY_UISupportedInterfaceOrientations_iPhone = "UIInterfaceOrientationPortrait UIInterfaceOrientationLandscapeLeft UIInterfaceOrientationLandscapeRight";
				LD_RUNPATH_SEARCH_PATHS = (
					"$(inherited)",
					"@executable_path/Frameworks",
				);
				MARKETING_VERSION = 1.0;
				PRODUCT_BUNDLE_IDENTIFIER = com.girayaksu.CheckCoin;
				PRODUCT_NAME = "$(TARGET_NAME)";
				SWIFT_EMIT_LOC_STRINGS = YES;
				SWIFT_VERSION = 5.0;
				TARGETED_DEVICE_FAMILY = "1,2";
			};
			name = Release;
		};
/* End XCBuildConfiguration section */

/* Begin XCConfigurationList section */
		C4A2956A2BED07BD00509556 /* Build configuration list for PBXProject "CheckCoin" */ = {
			isa = XCConfigurationList;
			buildConfigurations = (
				C4A295812BED07BF00509556 /* Debug */,
				C4A295822BED07BF00509556 /* Release */,
			);
			defaultConfigurationIsVisible = 0;
			defaultConfigurationName = Release;
		};
		C4A295832BED07BF00509556 /* Build configuration list for PBXNativeTarget "CheckCoin" */ = {
			isa = XCConfigurationList;
			buildConfigurations = (
				C4A295842BED07BF00509556 /* Debug */,
				C4A295852BED07BF00509556 /* Release */,
			);
			defaultConfigurationIsVisible = 0;
			defaultConfigurationName = Release;
		};
/* End XCConfigurationList section */

/* Begin XCRemoteSwiftPackageReference section */
		C4A295952BED8E6900509556 /* XCRemoteSwiftPackageReference "Alamofire" */ = {
			isa = XCRemoteSwiftPackageReference;
			repositoryURL = "https://github.com/Alamofire/Alamofire.git";
			requirement = {
				kind = upToNextMajorVersion;
				minimumVersion = 5.9.1;
			};
		};
/* End XCRemoteSwiftPackageReference section */

/* Begin XCSwiftPackageProductDependency section */
		C4A295962BED8E6900509556 /* Alamofire */ = {
			isa = XCSwiftPackageProductDependency;
			package = C4A295952BED8E6900509556 /* XCRemoteSwiftPackageReference "Alamofire" */;
			productName = Alamofire;
		};
		C4A295982BED8E6900509556 /* AlamofireDynamic */ = {
			isa = XCSwiftPackageProductDependency;
			package = C4A295952BED8E6900509556 /* XCRemoteSwiftPackageReference "Alamofire" */;
			productName = AlamofireDynamic;
		};
/* End XCSwiftPackageProductDependency section */
	};
	rootObject = C4A295672BED07BD00509556 /* Project object */;
}
